
Microsoft Visual Studio Solution File, Format Version 12.00
# Visual Studio Version 16
VisualStudioVersion = 16.0.30503.244
MinimumVisualStudioVersion = 10.0.40219.1
Project("{9A19103F-16F7-4668-BE54-9A1E7A4F7556}") = "BlazorApp.Server", "BlazorApp\Server\BlazorApp.Server.csproj", "{0F715FD5-D601-41EF-91E4-DC9813CD6E83}"
EndProject
Project("{9A19103F-16F7-4668-BE54-9A1E7A4F7556}") = "BlazorApp.Client", "BlazorApp\Client\BlazorApp.Client.csproj", "{C361FEF2-9D2D-4B35-AF2E-612689BE9AA7}"
EndProject
Project("{9A19103F-16F7-4668-BE54-9A1E7A4F7556}") = "BlazorApp.Shared", "BlazorApp\Shared\BlazorApp.Shared.csproj", "{691B9438-4CFF-4BAA-955F-71CE2C7FA72D}"
EndProject
Global
	GlobalSection(SolutionConfigurationPlatforms) = preSolution
		Debug|Any CPU = Debug|Any CPU
		Release|Any CPU = Release|Any CPU
	EndGlobalSection
	GlobalSection(ProjectConfigurationPlatforms) = postSolution
		{0F715FD5-D601-41EF-91E4-DC9813CD6E83}.Debug|Any CPU.ActiveCfg = Debug|Any CPU
		{0F715FD5-D601-41EF-91E4-DC9813CD6E83}.Debug|Any CPU.Build.0 = Debug|Any CPU
		{0F715FD5-D601-41EF-91E4-DC9813CD6E83}.Release|Any CPU.ActiveCfg = Release|Any CPU
		{0F715FD5-D601-41EF-91E4-DC9813CD6E83}.Release|Any CPU.Build.0 = Release|Any CPU
		{C361FEF2-9D2D-4B35-AF2E-612689BE9AA7}.Debug|Any CPU.ActiveCfg = Debug|Any CPU
		{C361FEF2-9D2D-4B35-AF2E-612689BE9AA7}.Debug|Any CPU.Build.0 = Debug|Any CPU
		{C361FEF2-9D2D-4B35-AF2E-612689BE9AA7}.Release|Any CPU.ActiveCfg = Release|Any CPU
		{C361FEF2-9D2D-4B35-AF2E-612689BE9AA7}.Release|Any CPU.Build.0 = Release|Any CPU
		{691B9438-4CFF-4BAA-955F-71CE2C7FA72D}.Debug|Any CPU.ActiveCfg = Debug|Any CPU
		{691B9438-4CFF-4BAA-955F-71CE2C7FA72D}.Debug|Any CPU.Build.0 = Debug|Any CPU
		{691B9438-4CFF-4BAA-955F-71CE2C7FA72D}.Release|Any CPU.ActiveCfg = Release|Any CPU
		{691B9438-4CFF-4BAA-955F-71CE2C7FA72D}.Release|Any CPU.Build.0 = Release|Any CPU
	EndGlobalSection
	GlobalSection(SolutionProperties) = preSolution
		HideSolutionNode = FALSE
	EndGlobalSection
	GlobalSection(ExtensibilityGlobals) = postSolution
		SolutionGuid = {0A12294C-0B61-43E2-950A-AF3E0A4D59F6}
	EndGlobalSection
EndGlobal
